
Microsoft Visual Studio Solution File, Format Version 12.00
# Visual Studio Version 17
VisualStudioVersion = 17.5.33516.290
MinimumVisualStudioVersion = 10.0.40219.1
Project("{9A19103F-16F7-4668-BE54-9A1E7A4F7556}") = "Domain", "Domain\Domain.csproj", "{03EEB7BC-BE1C-4B30-A38C-3E90E7268E1F}"
EndProject
Project("{9A19103F-16F7-4668-BE54-9A1E7A4F7556}") = "Application", "Application\Application.csproj", "{BD0941BE-9517-47D0-BF6B-CFD21B9E2BC5}"
EndProject
Project("{9A19103F-16F7-4668-BE54-9A1E7A4F7556}") = "Infrastructure", "Infrastructure\Infrastructure.csproj", "{067A1D29-5186-46EB-9F15-4C2E5EFF6736}"
EndProject
Project("{9A19103F-16F7-4668-BE54-9A1E7A4F7556}") = "WebUI", "WebUI\WebUI.csproj", "{A8BDBBC9-CEF9-4F46-91EE-08232CE20440}"
EndProject
Global
	GlobalSection(SolutionConfigurationPlatforms) = preSolution
		Debug|Any CPU = Debug|Any CPU
		Release|Any CPU = Release|Any CPU
	EndGlobalSection
	GlobalSection(ProjectConfigurationPlatforms) = postSolution
		{03EEB7BC-BE1C-4B30-A38C-3E90E7268E1F}.Debug|Any CPU.ActiveCfg = Debug|Any CPU
		{03EEB7BC-BE1C-4B30-A38C-3E90E7268E1F}.Debug|Any CPU.Build.0 = Debug|Any CPU
		{03EEB7BC-BE1C-4B30-A38C-3E90E7268E1F}.Release|Any CPU.ActiveCfg = Release|Any CPU
		{03EEB7BC-BE1C-4B30-A38C-3E90E7268E1F}.Release|Any CPU.Build.0 = Release|Any CPU
		{BD0941BE-9517-47D0-BF6B-CFD21B9E2BC5}.Debug|Any CPU.ActiveCfg = Debug|Any CPU
		{BD0941BE-9517-47D0-BF6B-CFD21B9E2BC5}.Debug|Any CPU.Build.0 = Debug|Any CPU
		{BD0941BE-9517-47D0-BF6B-CFD21B9E2BC5}.Release|Any CPU.ActiveCfg = Release|Any CPU
		{BD0941BE-9517-47D0-BF6B-CFD21B9E2BC5}.Release|Any CPU.Build.0 = Release|Any CPU
		{067A1D29-5186-46EB-9F15-4C2E5EFF6736}.Debug|Any CPU.ActiveCfg = Debug|Any CPU
		{067A1D29-5186-46EB-9F15-4C2E5EFF6736}.Debug|Any CPU.Build.0 = Debug|Any CPU
		{067A1D29-5186-46EB-9F15-4C2E5EFF6736}.Release|Any CPU.ActiveCfg = Release|Any CPU
		{067A1D29-5186-46EB-9F15-4C2E5EFF6736}.Release|Any CPU.Build.0 = Release|Any CPU
		{A8BDBBC9-CEF9-4F46-91EE-08232CE20440}.Debug|Any CPU.ActiveCfg = Debug|Any CPU
		{A8BDBBC9-CEF9-4F46-91EE-08232CE20440}.Debug|Any CPU.Build.0 = Debug|Any CPU
		{A8BDBBC9-CEF9-4F46-91EE-08232CE20440}.Release|Any CPU.ActiveCfg = Release|Any CPU
		{A8BDBBC9-CEF9-4F46-91EE-08232CE20440}.Release|Any CPU.Build.0 = Release|Any CPU
	EndGlobalSection
	GlobalSection(SolutionProperties) = preSolution
		HideSolutionNode = FALSE
	EndGlobalSection
	GlobalSection(ExtensibilityGlobals) = postSolution
		SolutionGuid = {CE8ADE25-1656-40E1-884B-58EB328A0018}
	EndGlobalSection
EndGlobal
